# This file is automatically @generated by Poetry 1.8.3 and should not be changed by hand.

[[package]]
name = "more-itertools"
version = "10.5.0"
description = "More routines for operating on iterables, beyond itertools"
optional = false
python-versions = ">=3.8"
files = [
    {file = "more-itertools-10.5.0.tar.gz", hash = "sha256:5482bfef7849c25dc3c6dd53a6173ae4795da2a41a80faea6700d9f5846c5da6"},
    {file = "more_itertools-10.5.0-py3-none-any.whl", hash = "sha256:037b0d3203ce90cca8ab1defbbdac29d5f993fc20131f3664dc8d6acfa872aef"},
]

[metadata]
lock-version = "2.0"
python-versions = "^3.12"
content-hash = "d73b5800736946f7a1868399822e35c43d47916b539521698ce88004f77571ef"
